
Microsoft Visual Studio Solution File, Format Version 12.00
# Visual Studio Version 17
VisualStudioVersion = 17.0.31903.59
MinimumVisualStudioVersion = 10.0.40219.1
Project("{2150E333-8FDC-42A3-9474-1A3956D46DE8}") = "src", "src", "{827E0CD3-B72D-47B6-A68D-7590B98EB39B}"
EndProject
Project("{FAE04EC0-301F-11D3-BF4B-00C04F79EFBC}") = "AI.SemanticSearch.Api", "src\AI.SemanticSearch.Api\AI.SemanticSearch.Api.csproj", "{3A887894-AD27-431F-AFC1-236370AF0E6C}"
EndProject
Project("{FAE04EC0-301F-11D3-BF4B-00C04F79EFBC}") = "AI.SemanticSearch.UnitTests", "tests\AI.SemanticSearch.UnitTests\AI.SemanticSearch.UnitTests.csproj", "{864421EB-3520-4D8C-A62B-418A4ED38B19}"
EndProject
Project("{2150E333-8FDC-42A3-9474-1A3956D46DE8}") = "tests", "tests", "{BC51F008-F808-49A5-8579-7586F1C37B91}"
EndProject
Project("{FAE04EC0-301F-11D3-BF4B-00C04F79EFBC}") = "AI.SemanticSearch.IntegrationTests", "tests\AI.SemanticSearch.IntegrationTests\AI.SemanticSearch.IntegrationTests.csproj", "{E8701FD4-DD1B-4B1C-9B88-8F89833F6621}"
EndProject
Global
	GlobalSection(SolutionConfigurationPlatforms) = preSolution
		Debug|Any CPU = Debug|Any CPU
		Debug|x64 = Debug|x64
		Debug|x86 = Debug|x86
		Release|Any CPU = Release|Any CPU
		Release|x64 = Release|x64
		Release|x86 = Release|x86
	EndGlobalSection
	GlobalSection(ProjectConfigurationPlatforms) = postSolution
		{3A887894-AD27-431F-AFC1-236370AF0E6C}.Debug|Any CPU.ActiveCfg = Debug|Any CPU
		{3A887894-AD27-431F-AFC1-236370AF0E6C}.Debug|Any CPU.Build.0 = Debug|Any CPU
		{3A887894-AD27-431F-AFC1-236370AF0E6C}.Debug|x64.ActiveCfg = Debug|Any CPU
		{3A887894-AD27-431F-AFC1-236370AF0E6C}.Debug|x64.Build.0 = Debug|Any CPU
		{3A887894-AD27-431F-AFC1-236370AF0E6C}.Debug|x86.ActiveCfg = Debug|Any CPU
		{3A887894-AD27-431F-AFC1-236370AF0E6C}.Debug|x86.Build.0 = Debug|Any CPU
		{3A887894-AD27-431F-AFC1-236370AF0E6C}.Release|Any CPU.ActiveCfg = Release|Any CPU
		{3A887894-AD27-431F-AFC1-236370AF0E6C}.Release|Any CPU.Build.0 = Release|Any CPU
		{3A887894-AD27-431F-AFC1-236370AF0E6C}.Release|x64.ActiveCfg = Release|Any CPU
		{3A887894-AD27-431F-AFC1-236370AF0E6C}.Release|x64.Build.0 = Release|Any CPU
		{3A887894-AD27-431F-AFC1-236370AF0E6C}.Release|x86.ActiveCfg = Release|Any CPU
		{3A887894-AD27-431F-AFC1-236370AF0E6C}.Release|x86.Build.0 = Release|Any CPU
		{864421EB-3520-4D8C-A62B-418A4ED38B19}.Debug|Any CPU.ActiveCfg = Debug|Any CPU
		{864421EB-3520-4D8C-A62B-418A4ED38B19}.Debug|Any CPU.Build.0 = Debug|Any CPU
		{864421EB-3520-4D8C-A62B-418A4ED38B19}.Debug|x64.ActiveCfg = Debug|Any CPU
		{864421EB-3520-4D8C-A62B-418A4ED38B19}.Debug|x64.Build.0 = Debug|Any CPU
		{864421EB-3520-4D8C-A62B-418A4ED38B19}.Debug|x86.ActiveCfg = Debug|Any CPU
		{864421EB-3520-4D8C-A62B-418A4ED38B19}.Debug|x86.Build.0 = Debug|Any CPU
		{864421EB-3520-4D8C-A62B-418A4ED38B19}.Release|Any CPU.ActiveCfg = Release|Any CPU
		{864421EB-3520-4D8C-A62B-418A4ED38B19}.Release|Any CPU.Build.0 = Release|Any CPU
		{864421EB-3520-4D8C-A62B-418A4ED38B19}.Release|x64.ActiveCfg = Release|Any CPU
		{864421EB-3520-4D8C-A62B-418A4ED38B19}.Release|x64.Build.0 = Release|Any CPU
		{864421EB-3520-4D8C-A62B-418A4ED38B19}.Release|x86.ActiveCfg = Release|Any CPU
		{864421EB-3520-4D8C-A62B-418A4ED38B19}.Release|x86.Build.0 = Release|Any CPU
		{E8701FD4-DD1B-4B1C-9B88-8F89833F6621}.Debug|Any CPU.ActiveCfg = Debug|Any CPU
		{E8701FD4-DD1B-4B1C-9B88-8F89833F6621}.Debug|Any CPU.Build.0 = Debug|Any CPU
		{E8701FD4-DD1B-4B1C-9B88-8F89833F6621}.Debug|x64.ActiveCfg = Debug|Any CPU
		{E8701FD4-DD1B-4B1C-9B88-8F89833F6621}.Debug|x64.Build.0 = Debug|Any CPU
		{E8701FD4-DD1B-4B1C-9B88-8F89833F6621}.Debug|x86.ActiveCfg = Debug|Any CPU
		{E8701FD4-DD1B-4B1C-9B88-8F89833F6621}.Debug|x86.Build.0 = Debug|Any CPU
		{E8701FD4-DD1B-4B1C-9B88-8F89833F6621}.Release|Any CPU.ActiveCfg = Release|Any CPU
		{E8701FD4-DD1B-4B1C-9B88-8F89833F6621}.Release|Any CPU.Build.0 = Release|Any CPU
		{E8701FD4-DD1B-4B1C-9B88-8F89833F6621}.Release|x64.ActiveCfg = Release|Any CPU
		{E8701FD4-DD1B-4B1C-9B88-8F89833F6621}.Release|x64.Build.0 = Release|Any CPU
		{E8701FD4-DD1B-4B1C-9B88-8F89833F6621}.Release|x86.ActiveCfg = Release|Any CPU
		{E8701FD4-DD1B-4B1C-9B88-8F89833F6621}.Release|x86.Build.0 = Release|Any CPU
	EndGlobalSection
	GlobalSection(SolutionProperties) = preSolution
		HideSolutionNode = FALSE
	EndGlobalSection
	GlobalSection(NestedProjects) = preSolution
		{3A887894-AD27-431F-AFC1-236370AF0E6C} = {827E0CD3-B72D-47B6-A68D-7590B98EB39B}
		{864421EB-3520-4D8C-A62B-418A4ED38B19} = {827E0CD3-B72D-47B6-A68D-7590B98EB39B}
		{E8701FD4-DD1B-4B1C-9B88-8F89833F6621} = {BC51F008-F808-49A5-8579-7586F1C37B91}
	EndGlobalSection
EndGlobal
